
Microsoft Visual Studio Solution File, Format Version 12.00
# Visual Studio Version 17
VisualStudioVersion = 17.1.32407.343
MinimumVisualStudioVersion = 10.0.40219.1
Project("{9A19103F-16F7-4668-BE54-9A1E7A4F7556}") = "DX.Utils", "DX.Utils\DX.Utils.csproj", "{B1B46D04-F431-43E6-B06C-D78F70D73DC3}"
EndProject
Project("{2150E333-8FDC-42A3-9474-1A3956D46DE8}") = ".nuget", ".nuget", "{51F7105E-AD43-4DA1-9CF1-3EF4B4F88579}"
	ProjectSection(SolutionItems) = preProject
		.nuget\NuGet.Config = .nuget\NuGet.Config
		.nuget\NuGet.targets = .nuget\NuGet.targets
	EndProjectSection
EndProject
Project("{2150E333-8FDC-42A3-9474-1A3956D46DE8}") = "Solution Items", "Solution Items", "{E9580D45-DC31-433B-856B-3DCC4F5FC058}"
	ProjectSection(SolutionItems) = preProject
		DXWeb.cmd = DXWeb.cmd
		README.md = README.md
	EndProjectSection
EndProject
Project("{9A19103F-16F7-4668-BE54-9A1E7A4F7556}") = "DX.Data.Xpo", "DX.Data.Xpo\DX.Data.Xpo.csproj", "{94EDFF4D-1819-4D21-B779-C0C0B72DA44F}"
	ProjectSection(ProjectDependencies) = postProject
		{B1B46D04-F431-43E6-B06C-D78F70D73DC3} = {B1B46D04-F431-43E6-B06C-D78F70D73DC3}
	EndProjectSection
EndProject
Project("{9A19103F-16F7-4668-BE54-9A1E7A4F7556}") = "DX.Data.Xpo.Identity", "DX.Data.Xpo.Identity\DX.Data.Xpo.Identity.csproj", "{4A9EC437-F8F0-4C53-B288-DE26E58F061F}"
EndProject
Project("{9A19103F-16F7-4668-BE54-9A1E7A4F7556}") = "DX.Test.Web.Core", "DX.Test.Web.Core\DX.Test.Web.Core.csproj", "{3CE1EC26-90CE-4A43-A835-759BD60937E4}"
EndProject
Project("{FAE04EC0-301F-11D3-BF4B-00C04F79EFBC}") = "DX.Test.Web.MVC", "DX.Test.Web.MVC\DX.Test.Web.MVC.csproj", "{54DA526C-F036-4892-8209-E6AF7EB00AF0}"
EndProject
Project("{9A19103F-16F7-4668-BE54-9A1E7A4F7556}") = "DX.Data.Xpo.Mvc", "DX.Data.Xpo.Mvc\DX.Data.Xpo.Mvc.csproj", "{7FB29A1D-64E9-4B58-A40D-F455097500DE}"
EndProject
Project("{2150E333-8FDC-42A3-9474-1A3956D46DE8}") = "Test Projects", "Test Projects", "{C779871D-BAC2-4997-A06F-8B8EC5265091}"
EndProject
Project("{9A19103F-16F7-4668-BE54-9A1E7A4F7556}") = "DX.Test.Web.Blazor", "DX.Test.Web.Blazor\DX.Test.Web.Blazor.csproj", "{75813F2B-496F-44D3-80D6-4943C7D8822B}"
EndProject
Project("{9A19103F-16F7-4668-BE54-9A1E7A4F7556}") = "DX.Data.EF", "DX.Data.EF\DX.Data.EF.csproj", "{26AF7CF2-E0F2-49F7-B3AD-622B2957DE49}"
EndProject
Project("{9A19103F-16F7-4668-BE54-9A1E7A4F7556}") = "DX.Blazor.Identity", "DX.Blazor.Identity\DX.Blazor.Identity.csproj", "{4A04321C-6D75-42A8-8A13-EE574C3350B4}"
EndProject
Project("{9A19103F-16F7-4668-BE54-9A1E7A4F7556}") = "DX.Blazor.Identity.Wasm", "DX.Blazor.Identity.Wasm\DX.Blazor.Identity.Wasm.csproj", "{8672B909-74EA-462E-AD84-0D1A0F3CEB20}"
EndProject
Project("{9A19103F-16F7-4668-BE54-9A1E7A4F7556}") = "DX.Blazor.Identity.Server", "DX.Blazor.Identity.Server\DX.Blazor.Identity.Server.csproj", "{78E182CB-30FA-492A-BC8F-3C9D9A199D7E}"
EndProject
Project("{9A19103F-16F7-4668-BE54-9A1E7A4F7556}") = "DX.Data", "DX.Data\DX.Data.csproj", "{385EDC6A-B815-43EF-A8A3-EDAA99A63024}"
EndProject
Project("{9A19103F-16F7-4668-BE54-9A1E7A4F7556}") = "DX.Test.Blazor8", "DX.Test.Blazor8\DX.Test.Blazor8\DX.Test.Blazor8.csproj", "{30022217-A55E-4958-ABF2-7700C81979B2}"
EndProject
Project("{9A19103F-16F7-4668-BE54-9A1E7A4F7556}") = "DX.Test.Blazor8.Client", "DX.Test.Blazor8\DX.Test.Blazor8.Client\DX.Test.Blazor8.Client.csproj", "{FEEACB8C-D1CA-4DCF-B3FD-B017F89701C0}"
EndProject
Project("{9A19103F-16F7-4668-BE54-9A1E7A4F7556}") = "DX.Data.Xpo.AutoMapper", "DX.Data.Xpo.AutoMapper\DX.Data.Xpo.AutoMapper.csproj", "{3C11566B-70D6-430B-8861-93CFC4A46B0D}"
EndProject
Project("{9A19103F-16F7-4668-BE54-9A1E7A4F7556}") = "DX.Data.EF.AutoMapper", "DX.Data.EF.AutoMapper\DX.Data.EF.AutoMapper.csproj", "{BA6A6C2B-BF07-439D-A328-C92C964CCE82}"
EndProject
Project("{9A19103F-16F7-4668-BE54-9A1E7A4F7556}") = "DX.Data.Xpo.Identity.AutoMapper", "DX.Data.Xpo.Identity.AutoMapper\DX.Data.Xpo.Identity.AutoMapper.csproj", "{CBBE1EAE-DDB1-427E-BDCE-315376FABB03}"
EndProject
Project("{9A19103F-16F7-4668-BE54-9A1E7A4F7556}") = "DX.Data.Xpo.Mapster", "DX.Data.Xpo.Mapster\DX.Data.Xpo.Mapster.csproj", "{5B5A8EB7-4544-4740-A670-65CCFC43C37B}"
EndProject
Project("{9A19103F-16F7-4668-BE54-9A1E7A4F7556}") = "DX.Data.Xpo.Identity.Mapster", "DX.Data.Xpo.Identity.Mapster\DX.Data.Xpo.Identity.Mapster.csproj", "{61E29212-54FD-46A3-8A02-9D019ABF6BCA}"
EndProject
Project("{9A19103F-16F7-4668-BE54-9A1E7A4F7556}") = "DX.Data.EF.Mapster", "DX.Data.EF.Mapster\DX.Data.EF.Mapster.csproj", "{C2C267F6-1DA7-4E6C-890A-BD702356F2A6}"
EndProject
Global
	GlobalSection(SolutionConfigurationPlatforms) = preSolution
		Debug|Any CPU = Debug|Any CPU
		Release|Any CPU = Release|Any CPU
	EndGlobalSection
	GlobalSection(ProjectConfigurationPlatforms) = postSolution
		{B1B46D04-F431-43E6-B06C-D78F70D73DC3}.Debug|Any CPU.ActiveCfg = Debug|Any CPU
		{B1B46D04-F431-43E6-B06C-D78F70D73DC3}.Debug|Any CPU.Build.0 = Debug|Any CPU
		{B1B46D04-F431-43E6-B06C-D78F70D73DC3}.Release|Any CPU.ActiveCfg = Release|Any CPU
		{B1B46D04-F431-43E6-B06C-D78F70D73DC3}.Release|Any CPU.Build.0 = Release|Any CPU
		{94EDFF4D-1819-4D21-B779-C0C0B72DA44F}.Debug|Any CPU.ActiveCfg = Debug|Any CPU
		{94EDFF4D-1819-4D21-B779-C0C0B72DA44F}.Debug|Any CPU.Build.0 = Debug|Any CPU
		{94EDFF4D-1819-4D21-B779-C0C0B72DA44F}.Release|Any CPU.ActiveCfg = Release|Any CPU
		{94EDFF4D-1819-4D21-B779-C0C0B72DA44F}.Release|Any CPU.Build.0 = Release|Any CPU
		{4A9EC437-F8F0-4C53-B288-DE26E58F061F}.Debug|Any CPU.ActiveCfg = Debug|Any CPU
		{4A9EC437-F8F0-4C53-B288-DE26E58F061F}.Debug|Any CPU.Build.0 = Debug|Any CPU
		{4A9EC437-F8F0-4C53-B288-DE26E58F061F}.Release|Any CPU.ActiveCfg = Release|Any CPU
		{4A9EC437-F8F0-4C53-B288-DE26E58F061F}.Release|Any CPU.Build.0 = Release|Any CPU
		{3CE1EC26-90CE-4A43-A835-759BD60937E4}.Debug|Any CPU.ActiveCfg = Debug|Any CPU
		{3CE1EC26-90CE-4A43-A835-759BD60937E4}.Release|Any CPU.ActiveCfg = Release|Any CPU
		{54DA526C-F036-4892-8209-E6AF7EB00AF0}.Debug|Any CPU.ActiveCfg = Debug|Any CPU
		{54DA526C-F036-4892-8209-E6AF7EB00AF0}.Release|Any CPU.ActiveCfg = Release|Any CPU
		{7FB29A1D-64E9-4B58-A40D-F455097500DE}.Debug|Any CPU.ActiveCfg = Debug|Any CPU
		{7FB29A1D-64E9-4B58-A40D-F455097500DE}.Debug|Any CPU.Build.0 = Debug|Any CPU
		{7FB29A1D-64E9-4B58-A40D-F455097500DE}.Release|Any CPU.ActiveCfg = Release|Any CPU
		{7FB29A1D-64E9-4B58-A40D-F455097500DE}.Release|Any CPU.Build.0 = Release|Any CPU
		{75813F2B-496F-44D3-80D6-4943C7D8822B}.Debug|Any CPU.ActiveCfg = Debug|Any CPU
		{75813F2B-496F-44D3-80D6-4943C7D8822B}.Debug|Any CPU.Build.0 = Debug|Any CPU
		{75813F2B-496F-44D3-80D6-4943C7D8822B}.Release|Any CPU.ActiveCfg = Release|Any CPU
		{75813F2B-496F-44D3-80D6-4943C7D8822B}.Release|Any CPU.Build.0 = Release|Any CPU
		{26AF7CF2-E0F2-49F7-B3AD-622B2957DE49}.Debug|Any CPU.ActiveCfg = Debug|Any CPU
		{26AF7CF2-E0F2-49F7-B3AD-622B2957DE49}.Debug|Any CPU.Build.0 = Debug|Any CPU
		{26AF7CF2-E0F2-49F7-B3AD-622B2957DE49}.Release|Any CPU.ActiveCfg = Release|Any CPU
		{26AF7CF2-E0F2-49F7-B3AD-622B2957DE49}.Release|Any CPU.Build.0 = Release|Any CPU
		{4A04321C-6D75-42A8-8A13-EE574C3350B4}.Debug|Any CPU.ActiveCfg = Debug|Any CPU
		{4A04321C-6D75-42A8-8A13-EE574C3350B4}.Debug|Any CPU.Build.0 = Debug|Any CPU
		{4A04321C-6D75-42A8-8A13-EE574C3350B4}.Release|Any CPU.ActiveCfg = Release|Any CPU
		{4A04321C-6D75-42A8-8A13-EE574C3350B4}.Release|Any CPU.Build.0 = Release|Any CPU
		{8672B909-74EA-462E-AD84-0D1A0F3CEB20}.Debug|Any CPU.ActiveCfg = Debug|Any CPU
		{8672B909-74EA-462E-AD84-0D1A0F3CEB20}.Debug|Any CPU.Build.0 = Debug|Any CPU
		{8672B909-74EA-462E-AD84-0D1A0F3CEB20}.Release|Any CPU.ActiveCfg = Release|Any CPU
		{8672B909-74EA-462E-AD84-0D1A0F3CEB20}.Release|Any CPU.Build.0 = Release|Any CPU
		{78E182CB-30FA-492A-BC8F-3C9D9A199D7E}.Debug|Any CPU.ActiveCfg = Debug|Any CPU
		{78E182CB-30FA-492A-BC8F-3C9D9A199D7E}.Debug|Any CPU.Build.0 = Debug|Any CPU
		{78E182CB-30FA-492A-BC8F-3C9D9A199D7E}.Release|Any CPU.ActiveCfg = Release|Any CPU
		{78E182CB-30FA-492A-BC8F-3C9D9A199D7E}.Release|Any CPU.Build.0 = Release|Any CPU
		{385EDC6A-B815-43EF-A8A3-EDAA99A63024}.Debug|Any CPU.ActiveCfg = Debug|Any CPU
		{385EDC6A-B815-43EF-A8A3-EDAA99A63024}.Debug|Any CPU.Build.0 = Debug|Any CPU
		{385EDC6A-B815-43EF-A8A3-EDAA99A63024}.Release|Any CPU.ActiveCfg = Release|Any CPU
		{385EDC6A-B815-43EF-A8A3-EDAA99A63024}.Release|Any CPU.Build.0 = Release|Any CPU
		{30022217-A55E-4958-ABF2-7700C81979B2}.Debug|Any CPU.ActiveCfg = Debug|Any CPU
		{30022217-A55E-4958-ABF2-7700C81979B2}.Debug|Any CPU.Build.0 = Debug|Any CPU
		{30022217-A55E-4958-ABF2-7700C81979B2}.Release|Any CPU.ActiveCfg = Release|Any CPU
		{30022217-A55E-4958-ABF2-7700C81979B2}.Release|Any CPU.Build.0 = Release|Any CPU
		{FEEACB8C-D1CA-4DCF-B3FD-B017F89701C0}.Debug|Any CPU.ActiveCfg = Debug|Any CPU
		{FEEACB8C-D1CA-4DCF-B3FD-B017F89701C0}.Debug|Any CPU.Build.0 = Debug|Any CPU
		{FEEACB8C-D1CA-4DCF-B3FD-B017F89701C0}.Release|Any CPU.ActiveCfg = Release|Any CPU
		{FEEACB8C-D1CA-4DCF-B3FD-B017F89701C0}.Release|Any CPU.Build.0 = Release|Any CPU
		{3C11566B-70D6-430B-8861-93CFC4A46B0D}.Debug|Any CPU.ActiveCfg = Debug|Any CPU
		{3C11566B-70D6-430B-8861-93CFC4A46B0D}.Debug|Any CPU.Build.0 = Debug|Any CPU
		{3C11566B-70D6-430B-8861-93CFC4A46B0D}.Release|Any CPU.ActiveCfg = Release|Any CPU
		{3C11566B-70D6-430B-8861-93CFC4A46B0D}.Release|Any CPU.Build.0 = Release|Any CPU
		{BA6A6C2B-BF07-439D-A328-C92C964CCE82}.Debug|Any CPU.ActiveCfg = Debug|Any CPU
		{BA6A6C2B-BF07-439D-A328-C92C964CCE82}.Debug|Any CPU.Build.0 = Debug|Any CPU
		{BA6A6C2B-BF07-439D-A328-C92C964CCE82}.Release|Any CPU.ActiveCfg = Release|Any CPU
		{BA6A6C2B-BF07-439D-A328-C92C964CCE82}.Release|Any CPU.Build.0 = Release|Any CPU
		{CBBE1EAE-DDB1-427E-BDCE-315376FABB03}.Debug|Any CPU.ActiveCfg = Debug|Any CPU
		{CBBE1EAE-DDB1-427E-BDCE-315376FABB03}.Debug|Any CPU.Build.0 = Debug|Any CPU
		{CBBE1EAE-DDB1-427E-BDCE-315376FABB03}.Release|Any CPU.ActiveCfg = Release|Any CPU
		{CBBE1EAE-DDB1-427E-BDCE-315376FABB03}.Release|Any CPU.Build.0 = Release|Any CPU
		{5B5A8EB7-4544-4740-A670-65CCFC43C37B}.Debug|Any CPU.ActiveCfg = Debug|Any CPU
		{5B5A8EB7-4544-4740-A670-65CCFC43C37B}.Debug|Any CPU.Build.0 = Debug|Any CPU
		{5B5A8EB7-4544-4740-A670-65CCFC43C37B}.Release|Any CPU.ActiveCfg = Release|Any CPU
		{5B5A8EB7-4544-4740-A670-65CCFC43C37B}.Release|Any CPU.Build.0 = Release|Any CPU
		{61E29212-54FD-46A3-8A02-9D019ABF6BCA}.Debug|Any CPU.ActiveCfg = Debug|Any CPU
		{61E29212-54FD-46A3-8A02-9D019ABF6BCA}.Debug|Any CPU.Build.0 = Debug|Any CPU
		{61E29212-54FD-46A3-8A02-9D019ABF6BCA}.Release|Any CPU.ActiveCfg = Release|Any CPU
		{61E29212-54FD-46A3-8A02-9D019ABF6BCA}.Release|Any CPU.Build.0 = Release|Any CPU
		{C2C267F6-1DA7-4E6C-890A-BD702356F2A6}.Debug|Any CPU.ActiveCfg = Debug|Any CPU
		{C2C267F6-1DA7-4E6C-890A-BD702356F2A6}.Debug|Any CPU.Build.0 = Debug|Any CPU
		{C2C267F6-1DA7-4E6C-890A-BD702356F2A6}.Release|Any CPU.ActiveCfg = Release|Any CPU
		{C2C267F6-1DA7-4E6C-890A-BD702356F2A6}.Release|Any CPU.Build.0 = Release|Any CPU
	EndGlobalSection
	GlobalSection(SolutionProperties) = preSolution
		HideSolutionNode = FALSE
	EndGlobalSection
	GlobalSection(NestedProjects) = preSolution
		{3CE1EC26-90CE-4A43-A835-759BD60937E4} = {C779871D-BAC2-4997-A06F-8B8EC5265091}
		{54DA526C-F036-4892-8209-E6AF7EB00AF0} = {C779871D-BAC2-4997-A06F-8B8EC5265091}
		{75813F2B-496F-44D3-80D6-4943C7D8822B} = {C779871D-BAC2-4997-A06F-8B8EC5265091}
		{30022217-A55E-4958-ABF2-7700C81979B2} = {C779871D-BAC2-4997-A06F-8B8EC5265091}
		{FEEACB8C-D1CA-4DCF-B3FD-B017F89701C0} = {C779871D-BAC2-4997-A06F-8B8EC5265091}
	EndGlobalSection
	GlobalSection(ExtensibilityGlobals) = postSolution
		SolutionGuid = {30AFBBD3-FE5B-48CA-BAB2-94646300AE21}
	EndGlobalSection
EndGlobal
