
Microsoft Visual Studio Solution File, Format Version 12.00
# Visual Studio Version 16
VisualStudioVersion = 16.0.29001.49
MinimumVisualStudioVersion = 10.0.40219.1
Project("{9A19103F-16F7-4668-BE54-9A1E7A4F7556}") = "DX.Utils", "DX.Utils\DX.Utils.csproj", "{B1B46D04-F431-43E6-B06C-D78F70D73DC3}"
EndProject
Project("{2150E333-8FDC-42A3-9474-1A3956D46DE8}") = ".nuget", ".nuget", "{51F7105E-AD43-4DA1-9CF1-3EF4B4F88579}"
	ProjectSection(SolutionItems) = preProject
		.nuget\NuGet.Config = .nuget\NuGet.Config
		.nuget\NuGet.targets = .nuget\NuGet.targets
	EndProjectSection
EndProject
Project("{2150E333-8FDC-42A3-9474-1A3956D46DE8}") = "Solution Items", "Solution Items", "{E9580D45-DC31-433B-856B-3DCC4F5FC058}"
	ProjectSection(SolutionItems) = preProject
		DXWeb.cmd = DXWeb.cmd
	EndProjectSection
EndProject
Project("{9A19103F-16F7-4668-BE54-9A1E7A4F7556}") = "DX.Data.Xpo", "DX.Data.Xpo\DX.Data.Xpo.csproj", "{94EDFF4D-1819-4D21-B779-C0C0B72DA44F}"
	ProjectSection(ProjectDependencies) = postProject
		{B1B46D04-F431-43E6-B06C-D78F70D73DC3} = {B1B46D04-F431-43E6-B06C-D78F70D73DC3}
	EndProjectSection
EndProject
Project("{9A19103F-16F7-4668-BE54-9A1E7A4F7556}") = "DX.Data.Xpo.Identity", "DX.Data.Xpo.Identity\DX.Data.Xpo.Identity.csproj", "{4A9EC437-F8F0-4C53-B288-DE26E58F061F}"
EndProject
Project("{9A19103F-16F7-4668-BE54-9A1E7A4F7556}") = "DX.Test.Web.Core", "DX.Test.Web.Core\DX.Test.Web.Core.csproj", "{3CE1EC26-90CE-4A43-A835-759BD60937E4}"
EndProject
Project("{FAE04EC0-301F-11D3-BF4B-00C04F79EFBC}") = "DX.Test.Web.MVC", "DX.Test.Web.MVC\DX.Test.Web.MVC.csproj", "{54DA526C-F036-4892-8209-E6AF7EB00AF0}"
EndProject
Project("{9A19103F-16F7-4668-BE54-9A1E7A4F7556}") = "DX.Data.Xpo.Mvc", "DX.Data.Xpo.Mvc\DX.Data.Xpo.Mvc.csproj", "{7FB29A1D-64E9-4B58-A40D-F455097500DE}"
EndProject
Project("{2150E333-8FDC-42A3-9474-1A3956D46DE8}") = "Test Projects", "Test Projects", "{C779871D-BAC2-4997-A06F-8B8EC5265091}"
EndProject
Global
	GlobalSection(SolutionConfigurationPlatforms) = preSolution
		Debug|Any CPU = Debug|Any CPU
		Release|Any CPU = Release|Any CPU
	EndGlobalSection
	GlobalSection(ProjectConfigurationPlatforms) = postSolution
		{B1B46D04-F431-43E6-B06C-D78F70D73DC3}.Debug|Any CPU.ActiveCfg = Debug|Any CPU
		{B1B46D04-F431-43E6-B06C-D78F70D73DC3}.Debug|Any CPU.Build.0 = Debug|Any CPU
		{B1B46D04-F431-43E6-B06C-D78F70D73DC3}.Release|Any CPU.ActiveCfg = Release|Any CPU
		{B1B46D04-F431-43E6-B06C-D78F70D73DC3}.Release|Any CPU.Build.0 = Release|Any CPU
		{94EDFF4D-1819-4D21-B779-C0C0B72DA44F}.Debug|Any CPU.ActiveCfg = Debug|Any CPU
		{94EDFF4D-1819-4D21-B779-C0C0B72DA44F}.Debug|Any CPU.Build.0 = Debug|Any CPU
		{94EDFF4D-1819-4D21-B779-C0C0B72DA44F}.Release|Any CPU.ActiveCfg = Release|Any CPU
		{94EDFF4D-1819-4D21-B779-C0C0B72DA44F}.Release|Any CPU.Build.0 = Release|Any CPU
		{4A9EC437-F8F0-4C53-B288-DE26E58F061F}.Debug|Any CPU.ActiveCfg = Debug|Any CPU
		{4A9EC437-F8F0-4C53-B288-DE26E58F061F}.Debug|Any CPU.Build.0 = Debug|Any CPU
		{4A9EC437-F8F0-4C53-B288-DE26E58F061F}.Release|Any CPU.ActiveCfg = Release|Any CPU
		{4A9EC437-F8F0-4C53-B288-DE26E58F061F}.Release|Any CPU.Build.0 = Release|Any CPU
		{3CE1EC26-90CE-4A43-A835-759BD60937E4}.Debug|Any CPU.ActiveCfg = Debug|Any CPU
		{3CE1EC26-90CE-4A43-A835-759BD60937E4}.Release|Any CPU.ActiveCfg = Release|Any CPU
		{54DA526C-F036-4892-8209-E6AF7EB00AF0}.Debug|Any CPU.ActiveCfg = Debug|Any CPU
		{54DA526C-F036-4892-8209-E6AF7EB00AF0}.Release|Any CPU.ActiveCfg = Release|Any CPU
		{7FB29A1D-64E9-4B58-A40D-F455097500DE}.Debug|Any CPU.ActiveCfg = Debug|Any CPU
		{7FB29A1D-64E9-4B58-A40D-F455097500DE}.Debug|Any CPU.Build.0 = Debug|Any CPU
		{7FB29A1D-64E9-4B58-A40D-F455097500DE}.Release|Any CPU.ActiveCfg = Release|Any CPU
		{7FB29A1D-64E9-4B58-A40D-F455097500DE}.Release|Any CPU.Build.0 = Release|Any CPU
	EndGlobalSection
	GlobalSection(SolutionProperties) = preSolution
		HideSolutionNode = FALSE
	EndGlobalSection
	GlobalSection(NestedProjects) = preSolution
		{3CE1EC26-90CE-4A43-A835-759BD60937E4} = {C779871D-BAC2-4997-A06F-8B8EC5265091}
		{54DA526C-F036-4892-8209-E6AF7EB00AF0} = {C779871D-BAC2-4997-A06F-8B8EC5265091}
	EndGlobalSection
	GlobalSection(ExtensibilityGlobals) = postSolution
		SolutionGuid = {30AFBBD3-FE5B-48CA-BAB2-94646300AE21}
	EndGlobalSection
EndGlobal
